
Microsoft Visual Studio Solution File, Format Version 12.00
# Visual Studio Version 17
VisualStudioVersion = 17.0.32112.339
MinimumVisualStudioVersion = 10.0.40219.1
Project("{FAE04EC0-301F-11D3-BF4B-00C04F79EFBC}") = "MusicLibrary.ConsoleApp", "MusicLibrary.ConsoleApp\MusicLibrary.ConsoleApp.csproj", "{27627E98-D7B2-4D19-95D9-4542711235A7}"
EndProject
Global
	GlobalSection(SolutionConfigurationPlatforms) = preSolution
		Debug|Any CPU = Debug|Any CPU
		Release|Any CPU = Release|Any CPU
	EndGlobalSection
	GlobalSection(ProjectConfigurationPlatforms) = postSolution
		{27627E98-D7B2-4D19-95D9-4542711235A7}.Debug|Any CPU.ActiveCfg = Debug|Any CPU
		{27627E98-D7B2-4D19-95D9-4542711235A7}.Debug|Any CPU.Build.0 = Debug|Any CPU
		{27627E98-D7B2-4D19-95D9-4542711235A7}.Release|Any CPU.ActiveCfg = Release|Any CPU
		{27627E98-D7B2-4D19-95D9-4542711235A7}.Release|Any CPU.Build.0 = Release|Any CPU
	EndGlobalSection
	GlobalSection(SolutionProperties) = preSolution
		HideSolutionNode = FALSE
	EndGlobalSection
	GlobalSection(ExtensibilityGlobals) = postSolution
		SolutionGuid = {FE71AB3E-5F36-4DE4-BA8B-D3C861009B46}
	EndGlobalSection
EndGlobal
